# THIS IS AN AUTOGENERATED FILE. DO NOT EDIT THIS FILE DIRECTLY.
# yarn lockfile v1


lodash@^4.13.1:
  version "4.17.4"
  resolved "https://registry.yarnpkg.com/lodash/-/lodash-4.17.4.tgz#78203a4d1c328ae1d86dca6460e369b57f4055ae"

lodash@~2.4.x:
  version "2.4.2"
  resolved "https://registry.yarnpkg.com/lodash/-/lodash-2.4.2.tgz#fadd834b9683073da179b3eae6d9c0d15053f73e"

string-similarity@^1.2.0:
  version "1.2.0"
  resolved "https://registry.yarnpkg.com/string-similarity/-/string-similarity-1.2.0.tgz#d75153cb383846318b7a39a8d9292bb4db4e9c30"
  dependencies:
    lodash "^4.13.1"

wuzzy@^0.1.3:
  version "0.1.3"
  resolved "https://registry.yarnpkg.com/wuzzy/-/wuzzy-0.1.3.tgz#a88515e269fb3851f24c251f0884dd76be30c300"
  dependencies:
    lodash "~2.4.x"
